<?xml version="1.0" encoding="utf-8"?>
<Project ToolsVersion="4.0" xmlns="http://schemas.microsoft.com/developer/msbuild/2003">
  <ItemGroup>
    <Filter Include="Source Files">
      <UniqueIdentifier>{4FC737F1-C7A5-4376-A066-2A32D752A2FF}</UniqueIdentifier>
      <Extensions>cpp;c;cc;cxx;def;odl;idl;hpj;bat;asm;asmx</Extensions>
    </Filter>
    <Filter Include="Header Files">
      <UniqueIdentifier>{93995380-89BD-4b04-88EB-625FBE52EBFB}</UniqueIdentifier>
      <Extensions>h;hh;hpp;hxx;hm;inl;inc;ipp;xsd</Extensions>
    </Filter>
    <Filter Include="Resource Files">
      <UniqueIdentifier>{67DA6AB6-F800-4c08-8B7A-83BB121AAD01}</UniqueIdentifier>
      <Extensions>rc;ico;cur;bmp;dlg;rc2;rct;bin;rgs;gif;jpg;jpeg;jpe;resx;tiff;tif;png;wav;mfcribbon-ms</Extensions>
    </Filter>
  </ItemGroup>
  <ItemGroup>
    <ClCompile Include="include\Math\Quaternion.cpp">
      <Filter>Source Files</Filter>
    </ClCompile>
    <ClCompile Include="include\Math\Vector2.cpp">
      <Filter>Source Files</Filter>
    </ClCompile>
    <ClCompile Include="include\Math\Vector3.cpp">
      <Filter>Source Files</Filter>
    </ClCompile>
    <ClCompile Include="include\Math\Vector4.cpp">
      <Filter>Source Files</Filter>
    </ClCompile>
    <ClCompile Include="include\Networking\BWDouble.cpp">
      <Filter>Source Files</Filter>
    </ClCompile>
    <ClCompile Include="include\Networking\BWFloat.cpp">
      <Filter>Source Files</Filter>
    </ClCompile>
    <ClCompile Include="include\Math\BWMath.cpp">
      <Filter>Source Files</Filter>
    </ClCompile>
    <ClCompile Include="include\Networking\BWNet.cpp">
      <Filter>Source Files</Filter>
    </ClCompile>
    <ClCompile Include="include\Networking\NetAddress.cpp">
      <Filter>Source Files</Filter>
    </ClCompile>
    <ClCompile Include="include\Networking\NetSocketUDP.cpp">
      <Filter>Source Files</Filter>
    </ClCompile>
    <ClCompile Include="include\Networking\NetSocketTCP.cpp">
      <Filter>Source Files</Filter>
    </ClCompile>
    <ClCompile Include="include\Physik\BWPhysik2D.cpp">
      <Filter>Source Files</Filter>
    </ClCompile>
    <ClCompile Include="include\Physik\BWPhysik3D.cpp">
      <Filter>Source Files</Filter>
    </ClCompile>
    <ClCompile Include="include\Physik\BWPhysik.cpp">
      <Filter>Source Files</Filter>
    </ClCompile>
  </ItemGroup>
  <ItemGroup>
    <ClInclude Include="include\Math\Matrix.h">
      <Filter>Header Files</Filter>
    </ClInclude>
    <ClInclude Include="include\Math\Quaternion.h">
      <Filter>Header Files</Filter>
    </ClInclude>
    <ClInclude Include="include\Math\Vector.h">
      <Filter>Header Files</Filter>
    </ClInclude>
    <ClInclude Include="include\Math\Vector2.h">
      <Filter>Header Files</Filter>
    </ClInclude>
    <ClInclude Include="include\Math\Vector3.h">
      <Filter>Header Files</Filter>
    </ClInclude>
    <ClInclude Include="include\Math\Vector4.h">
      <Filter>Header Files</Filter>
    </ClInclude>
    <ClInclude Include="include\Networking\BWDouble.h">
      <Filter>Header Files</Filter>
    </ClInclude>
    <ClInclude Include="include\Networking\BWFloat.h">
      <Filter>Header Files</Filter>
    </ClInclude>
    <ClInclude Include="include\Inc_BWMath.h">
      <Filter>Header Files</Filter>
    </ClInclude>
    <ClInclude Include="include\Inc_BWNetworking.h">
      <Filter>Header Files</Filter>
    </ClInclude>
    <ClInclude Include="include\Inc_BWPhysik.h">
      <Filter>Header Files</Filter>
    </ClInclude>
    <ClInclude Include="include\Math\BWMath.h">
      <Filter>Header Files</Filter>
    </ClInclude>
    <ClInclude Include="include\Networking\BWNet.h">
      <Filter>Header Files</Filter>
    </ClInclude>
    <ClInclude Include="include\Networking\NetDefine.h">
      <Filter>Header Files</Filter>
    </ClInclude>
    <ClInclude Include="include\Inc_SmartMacros.h">
      <Filter>Header Files</Filter>
    </ClInclude>
    <ClInclude Include="include\Networking\NetAddress.h">
      <Filter>Header Files</Filter>
    </ClInclude>
    <ClInclude Include="include\Networking\NetSocketUDP.h">
      <Filter>Header Files</Filter>
    </ClInclude>
    <ClInclude Include="include\Networking\NetSocketTCP.h">
      <Filter>Header Files</Filter>
    </ClInclude>
    <ClInclude Include="include\Physik\BWPhysik2D.h">
      <Filter>Header Files</Filter>
    </ClInclude>
    <ClInclude Include="include\Physik\BWPhysik3D.h">
      <Filter>Header Files</Filter>
    </ClInclude>
    <ClInclude Include="include\Physik\BWPhysik.h">
      <Filter>Header Files</Filter>
    </ClInclude>
  </ItemGroup>
</Project>